
Microsoft Visual Studio Solution File, Format Version 12.00
# Visual Studio Version 17
VisualStudioVersion = 17.6.33717.318
MinimumVisualStudioVersion = 10.0.40219.1
Project("{FAE04EC0-301F-11D3-BF4B-00C04F79EFBC}") = "Converter_Umrechner", "Converter_Umrechner\Converter_Umrechner.csproj", "{9BA21800-C68E-4A55-99B5-AD56F1CA7F29}"
EndProject
Global
	GlobalSection(SolutionConfigurationPlatforms) = preSolution
		Debug|Any CPU = Debug|Any CPU
		Release|Any CPU = Release|Any CPU
	EndGlobalSection
	GlobalSection(ProjectConfigurationPlatforms) = postSolution
		{9BA21800-C68E-4A55-99B5-AD56F1CA7F29}.Debug|Any CPU.ActiveCfg = Debug|Any CPU
		{9BA21800-C68E-4A55-99B5-AD56F1CA7F29}.Debug|Any CPU.Build.0 = Debug|Any CPU
		{9BA21800-C68E-4A55-99B5-AD56F1CA7F29}.Release|Any CPU.ActiveCfg = Release|Any CPU
		{9BA21800-C68E-4A55-99B5-AD56F1CA7F29}.Release|Any CPU.Build.0 = Release|Any CPU
	EndGlobalSection
	GlobalSection(SolutionProperties) = preSolution
		HideSolutionNode = FALSE
	EndGlobalSection
	GlobalSection(ExtensibilityGlobals) = postSolution
		SolutionGuid = {E45E956E-2FC0-43ED-9729-BDE8CEE9CB50}
	EndGlobalSection
EndGlobal
